// !$*UTF8*$!
{
	archiveVersion = 1;
	classes = {
	};
	objectVersion = 50;
	objects = {

/* Begin PBXBuildFile section */
		39B147662697DF9E0077FD1F /* taewoo_swift_gameApp.swift in Sources */ = {isa = PBXBuildFile; fileRef = 39B147652697DF9E0077FD1F /* taewoo_swift_gameApp.swift */; };
		39B147682697DF9E0077FD1F /* ContentView.swift in Sources */ = {isa = PBXBuildFile; fileRef = 39B147672697DF9E0077FD1F /* ContentView.swift */; };
		39B1476A2697DF9F0077FD1F /* Assets.xcassets in Resources */ = {isa = PBXBuildFile; fileRef = 39B147692697DF9F0077FD1F /* Assets.xcassets */; };
		39B1476D2697DF9F0077FD1F /* Preview Assets.xcassets in Resources */ = {isa = PBXBuildFile; fileRef = 39B1476C2697DF9F0077FD1F /* Preview Assets.xcassets */; };
		39B147782697DF9F0077FD1F /* taewoo_swift_gameTests.swift in Sources */ = {isa = PBXBuildFile; fileRef = 39B147772697DF9F0077FD1F /* taewoo_swift_gameTests.swift */; };
		39B147832697DF9F0077FD1F /* taewoo_swift_gameUITests.swift in Sources */ = {isa = PBXBuildFile; fileRef = 39B147822697DF9F0077FD1F /* taewoo_swift_gameUITests.swift */; };
		39B147912697E0320077FD1F /* Memory_Game.swift in Sources */ = {isa = PBXBuildFile; fileRef = 39B147902697E0320077FD1F /* Memory_Game.swift */; };
		39B147932697E2B60077FD1F /* CardView.swift in Sources */ = {isa = PBXBuildFile; fileRef = 39B147922697E2B60077FD1F /* CardView.swift */; };
		39B147952697E4F90077FD1F /* GridStack.swift in Sources */ = {isa = PBXBuildFile; fileRef = 39B147942697E4F80077FD1F /* GridStack.swift */; };
		39B1479926981BEF0077FD1F /* MainMenu.swift in Sources */ = {isa = PBXBuildFile; fileRef = 39B1479826981BEF0077FD1F /* MainMenu.swift */; };
		39B1479B26981CEF0077FD1F /* ImageAssetHelper.swift in Sources */ = {isa = PBXBuildFile; fileRef = 39B1479A26981CEF0077FD1F /* ImageAssetHelper.swift */; };
/* End PBXBuildFile section */

/* Begin PBXContainerItemProxy section */
		39B147742697DF9F0077FD1F /* PBXContainerItemProxy */ = {
			isa = PBXContainerItemProxy;
			containerPortal = 39B1475A2697DF9D0077FD1F /* Project object */;
			proxyType = 1;
			remoteGlobalIDString = 39B147612697DF9D0077FD1F;
			remoteInfo = taewoo_swift_game;
		};
		39B1477F2697DF9F0077FD1F /* PBXContainerItemProxy */ = {
			isa = PBXContainerItemProxy;
			containerPortal = 39B1475A2697DF9D0077FD1F /* Project object */;
			proxyType = 1;
			remoteGlobalIDString = 39B147612697DF9D0077FD1F;
			remoteInfo = taewoo_swift_game;
		};
/* End PBXContainerItemProxy section */

/* Begin PBXFileReference section */
		39B147622697DF9E0077FD1F /* Matching In..Jik.app */ = {isa = PBXFileReference; explicitFileType = wrapper.application; includeInIndex = 0; path = "Matching In..Jik.app"; sourceTree = BUILT_PRODUCTS_DIR; };
		39B147652697DF9E0077FD1F /* taewoo_swift_gameApp.swift */ = {isa = PBXFileReference; lastKnownFileType = sourcecode.swift; path = taewoo_swift_gameApp.swift; sourceTree = "<group>"; };
		39B147672697DF9E0077FD1F /* ContentView.swift */ = {isa = PBXFileReference; lastKnownFileType = sourcecode.swift; path = ContentView.swift; sourceTree = "<group>"; };
		39B147692697DF9F0077FD1F /* Assets.xcassets */ = {isa = PBXFileReference; lastKnownFileType = folder.assetcatalog; path = Assets.xcassets; sourceTree = "<group>"; };
		39B1476C2697DF9F0077FD1F /* Preview Assets.xcassets */ = {isa = PBXFileReference; lastKnownFileType = folder.assetcatalog; path = "Preview Assets.xcassets"; sourceTree = "<group>"; };
		39B1476E2697DF9F0077FD1F /* Info.plist */ = {isa = PBXFileReference; lastKnownFileType = text.plist.xml; path = Info.plist; sourceTree = "<group>"; };
		39B147732697DF9F0077FD1F /* taewoo_swift_gameTests.xctest */ = {isa = PBXFileReference; explicitFileType = wrapper.cfbundle; includeInIndex = 0; path = taewoo_swift_gameTests.xctest; sourceTree = BUILT_PRODUCTS_DIR; };
		39B147772697DF9F0077FD1F /* taewoo_swift_gameTests.swift */ = {isa = PBXFileReference; lastKnownFileType = sourcecode.swift; path = taewoo_swift_gameTests.swift; sourceTree = "<group>"; };
		39B147792697DF9F0077FD1F /* Info.plist */ = {isa = PBXFileReference; lastKnownFileType = text.plist.xml; path = Info.plist; sourceTree = "<group>"; };
		39B1477E2697DF9F0077FD1F /* taewoo_swift_gameUITests.xctest */ = {isa = PBXFileReference; explicitFileType = wrapper.cfbundle; includeInIndex = 0; path = taewoo_swift_gameUITests.xctest; sourceTree = BUILT_PRODUCTS_DIR; };
		39B147822697DF9F0077FD1F /* taewoo_swift_gameUITests.swift */ = {isa = PBXFileReference; lastKnownFileType = sourcecode.swift; path = taewoo_swift_gameUITests.swift; sourceTree = "<group>"; };
		39B147842697DF9F0077FD1F /* Info.plist */ = {isa = PBXFileReference; lastKnownFileType = text.plist.xml; path = Info.plist; sourceTree = "<group>"; };
		39B147902697E0320077FD1F /* Memory_Game.swift */ = {isa = PBXFileReference; lastKnownFileType = sourcecode.swift; path = Memory_Game.swift; sourceTree = "<group>"; };
		39B147922697E2B60077FD1F /* CardView.swift */ = {isa = PBXFileReference; lastKnownFileType = sourcecode.swift; path = CardView.swift; sourceTree = "<group>"; };
		39B147942697E4F80077FD1F /* GridStack.swift */ = {isa = PBXFileReference; lastKnownFileType = sourcecode.swift; path = GridStack.swift; sourceTree = "<group>"; };
		39B1479826981BEF0077FD1F /* MainMenu.swift */ = {isa = PBXFileReference; lastKnownFileType = sourcecode.swift; path = MainMenu.swift; sourceTree = "<group>"; };
		39B1479A26981CEF0077FD1F /* ImageAssetHelper.swift */ = {isa = PBXFileReference; lastKnownFileType = sourcecode.swift; path = ImageAssetHelper.swift; sourceTree = "<group>"; };
/* End PBXFileReference section */

/* Begin PBXFrameworksBuildPhase section */
		39B1475F2697DF9D0077FD1F /* Frameworks */ = {
			isa = PBXFrameworksBuildPhase;
			buildActionMask = 2147483647;
			files = (
			);
			runOnlyForDeploymentPostprocessing = 0;
		};
		39B147702697DF9F0077FD1F /* Frameworks */ = {
			isa = PBXFrameworksBuildPhase;
			buildActionMask = 2147483647;
			files = (
			);
			runOnlyForDeploymentPostprocessing = 0;
		};
		39B1477B2697DF9F0077FD1F /* Frameworks */ = {
			isa = PBXFrameworksBuildPhase;
			buildActionMask = 2147483647;
			files = (
			);
			runOnlyForDeploymentPostprocessing = 0;
		};
/* End PBXFrameworksBuildPhase section */

/* Begin PBXGroup section */
		39B147592697DF9D0077FD1F = {
			isa = PBXGroup;
			children = (
				39B147642697DF9E0077FD1F /* taewoo_swift_game */,
				39B147762697DF9F0077FD1F /* taewoo_swift_gameTests */,
				39B147812697DF9F0077FD1F /* taewoo_swift_gameUITests */,
				39B147632697DF9E0077FD1F /* Products */,
			);
			sourceTree = "<group>";
		};
		39B147632697DF9E0077FD1F /* Products */ = {
			isa = PBXGroup;
			children = (
				39B147622697DF9E0077FD1F /* Matching In..Jik.app */,
				39B147732697DF9F0077FD1F /* taewoo_swift_gameTests.xctest */,
				39B1477E2697DF9F0077FD1F /* taewoo_swift_gameUITests.xctest */,
			);
			name = Products;
			sourceTree = "<group>";
		};
		39B147642697DF9E0077FD1F /* taewoo_swift_game */ = {
			isa = PBXGroup;
			children = (
				39B147652697DF9E0077FD1F /* taewoo_swift_gameApp.swift */,
				39B147672697DF9E0077FD1F /* ContentView.swift */,
				39B147942697E4F80077FD1F /* GridStack.swift */,
				39B147922697E2B60077FD1F /* CardView.swift */,
				39B147902697E0320077FD1F /* Memory_Game.swift */,
				39B1479826981BEF0077FD1F /* MainMenu.swift */,
				39B1479A26981CEF0077FD1F /* ImageAssetHelper.swift */,
				39B147692697DF9F0077FD1F /* Assets.xcassets */,
				39B1476E2697DF9F0077FD1F /* Info.plist */,
				39B1476B2697DF9F0077FD1F /* Preview Content */,
			);
			path = taewoo_swift_game;
			sourceTree = "<group>";
		};
		39B1476B2697DF9F0077FD1F /* Preview Content */ = {
			isa = PBXGroup;
			children = (
				39B1476C2697DF9F0077FD1F /* Preview Assets.xcassets */,
			);
			path = "Preview Content";
			sourceTree = "<group>";
		};
		39B147762697DF9F0077FD1F /* taewoo_swift_gameTests */ = {
			isa = PBXGroup;
			children = (
				39B147772697DF9F0077FD1F /* taewoo_swift_gameTests.swift */,
				39B147792697DF9F0077FD1F /* Info.plist */,
			);
			path = taewoo_swift_gameTests;
			sourceTree = "<group>";
		};
		39B147812697DF9F0077FD1F /* taewoo_swift_gameUITests */ = {
			isa = PBXGroup;
			children = (
				39B147822697DF9F0077FD1F /* taewoo_swift_gameUITests.swift */,
				39B147842697DF9F0077FD1F /* Info.plist */,
			);
			path = taewoo_swift_gameUITests;
			sourceTree = "<group>";
		};
/* End PBXGroup section */

/* Begin PBXNativeTarget section */
		39B147612697DF9D0077FD1F /* taewoo_swift_game */ = {
			isa = PBXNativeTarget;
			buildConfigurationList = 39B147872697DF9F0077FD1F /* Build configuration list for PBXNativeTarget "taewoo_swift_game" */;
			buildPhases = (
				39B1475E2697DF9D0077FD1F /* Sources */,
				39B1475F2697DF9D0077FD1F /* Frameworks */,
				39B147602697DF9D0077FD1F /* Resources */,
			);
			buildRules = (
			);
			dependencies = (
			);
			name = taewoo_swift_game;
			productName = taewoo_swift_game;
			productReference = 39B147622697DF9E0077FD1F /* Matching In..Jik.app */;
			productType = "com.apple.product-type.application";
		};
		39B147722697DF9F0077FD1F /* taewoo_swift_gameTests */ = {
			isa = PBXNativeTarget;
			buildConfigurationList = 39B1478A2697DF9F0077FD1F /* Build configuration list for PBXNativeTarget "taewoo_swift_gameTests" */;
			buildPhases = (
				39B1476F2697DF9F0077FD1F /* Sources */,
				39B147702697DF9F0077FD1F /* Frameworks */,
				39B147712697DF9F0077FD1F /* Resources */,
			);
			buildRules = (
			);
			dependencies = (
				39B147752697DF9F0077FD1F /* PBXTargetDependency */,
			);
			name = taewoo_swift_gameTests;
			productName = taewoo_swift_gameTests;
			productReference = 39B147732697DF9F0077FD1F /* taewoo_swift_gameTests.xctest */;
			productType = "com.apple.product-type.bundle.unit-test";
		};
		39B1477D2697DF9F0077FD1F /* taewoo_swift_gameUITests */ = {
			isa = PBXNativeTarget;
			buildConfigurationList = 39B1478D2697DF9F0077FD1F /* Build configuration list for PBXNativeTarget "taewoo_swift_gameUITests" */;
			buildPhases = (
				39B1477A2697DF9F0077FD1F /* Sources */,
				39B1477B2697DF9F0077FD1F /* Frameworks */,
				39B1477C2697DF9F0077FD1F /* Resources */,
			);
			buildRules = (
			);
			dependencies = (
				39B147802697DF9F0077FD1F /* PBXTargetDependency */,
			);
			name = taewoo_swift_gameUITests;
			productName = taewoo_swift_gameUITests;
			productReference = 39B1477E2697DF9F0077FD1F /* taewoo_swift_gameUITests.xctest */;
			productType = "com.apple.product-type.bundle.ui-testing";
		};
/* End PBXNativeTarget section */

/* Begin PBXProject section */
		39B1475A2697DF9D0077FD1F /* Project object */ = {
			isa = PBXProject;
			attributes = {
				LastSwiftUpdateCheck = 1250;
				LastUpgradeCheck = 1250;
				TargetAttributes = {
					39B147612697DF9D0077FD1F = {
						CreatedOnToolsVersion = 12.5.1;
					};
					39B147722697DF9F0077FD1F = {
						CreatedOnToolsVersion = 12.5.1;
						TestTargetID = 39B147612697DF9D0077FD1F;
					};
					39B1477D2697DF9F0077FD1F = {
						CreatedOnToolsVersion = 12.5.1;
						TestTargetID = 39B147612697DF9D0077FD1F;
					};
				};
			};
			buildConfigurationList = 39B1475D2697DF9D0077FD1F /* Build configuration list for PBXProject "taewoo_swift_game" */;
			compatibilityVersion = "Xcode 9.3";
			developmentRegion = en;
			hasScannedForEncodings = 0;
			knownRegions = (
				en,
				Base,
			);
			mainGroup = 39B147592697DF9D0077FD1F;
			productRefGroup = 39B147632697DF9E0077FD1F /* Products */;
			projectDirPath = "";
			projectRoot = "";
			targets = (
				39B147612697DF9D0077FD1F /* taewoo_swift_game */,
				39B147722697DF9F0077FD1F /* taewoo_swift_gameTests */,
				39B1477D2697DF9F0077FD1F /* taewoo_swift_gameUITests */,
			);
		};
/* End PBXProject section */

/* Begin PBXResourcesBuildPhase section */
		39B147602697DF9D0077FD1F /* Resources */ = {
			isa = PBXResourcesBuildPhase;
			buildActionMask = 2147483647;
			files = (
				39B1476D2697DF9F0077FD1F /* Preview Assets.xcassets in Resources */,
				39B1476A2697DF9F0077FD1F /* Assets.xcassets in Resources */,
			);
			runOnlyForDeploymentPostprocessing = 0;
		};
		39B147712697DF9F0077FD1F /* Resources */ = {
			isa = PBXResourcesBuildPhase;
			buildActionMask = 2147483647;
			files = (
			);
			runOnlyForDeploymentPostprocessing = 0;
		};
		39B1477C2697DF9F0077FD1F /* Resources */ = {
			isa = PBXResourcesBuildPhase;
			buildActionMask = 2147483647;
			files = (
			);
			runOnlyForDeploymentPostprocessing = 0;
		};
/* End PBXResourcesBuildPhase section */

/* Begin PBXSourcesBuildPhase section */
		39B1475E2697DF9D0077FD1F /* Sources */ = {
			isa = PBXSourcesBuildPhase;
			buildActionMask = 2147483647;
			files = (
				39B147952697E4F90077FD1F /* GridStack.swift in Sources */,
				39B1479B26981CEF0077FD1F /* ImageAssetHelper.swift in Sources */,
				39B1479926981BEF0077FD1F /* MainMenu.swift in Sources */,
				39B147682697DF9E0077FD1F /* ContentView.swift in Sources */,
				39B147662697DF9E0077FD1F /* taewoo_swift_gameApp.swift in Sources */,
				39B147932697E2B60077FD1F /* CardView.swift in Sources */,
				39B147912697E0320077FD1F /* Memory_Game.swift in Sources */,
			);
			runOnlyForDeploymentPostprocessing = 0;
		};
		39B1476F2697DF9F0077FD1F /* Sources */ = {
			isa = PBXSourcesBuildPhase;
			buildActionMask = 2147483647;
			files = (
				39B147782697DF9F0077FD1F /* taewoo_swift_gameTests.swift in Sources */,
			);
			runOnlyForDeploymentPostprocessing = 0;
		};
		39B1477A2697DF9F0077FD1F /* Sources */ = {
			isa = PBXSourcesBuildPhase;
			buildActionMask = 2147483647;
			files = (
				39B147832697DF9F0077FD1F /* taewoo_swift_gameUITests.swift in Sources */,
			);
			runOnlyForDeploymentPostprocessing = 0;
		};
/* End PBXSourcesBuildPhase section */

/* Begin PBXTargetDependency section */
		39B147752697DF9F0077FD1F /* PBXTargetDependency */ = {
			isa = PBXTargetDependency;
			target = 39B147612697DF9D0077FD1F /* taewoo_swift_game */;
			targetProxy = 39B147742697DF9F0077FD1F /* PBXContainerItemProxy */;
		};
		39B147802697DF9F0077FD1F /* PBXTargetDependency */ = {
			isa = PBXTargetDependency;
			target = 39B147612697DF9D0077FD1F /* taewoo_swift_game */;
			targetProxy = 39B1477F2697DF9F0077FD1F /* PBXContainerItemProxy */;
		};
/* End PBXTargetDependency section */

/* Begin XCBuildConfiguration section */
		39B147852697DF9F0077FD1F /* Debug */ = {
			isa = XCBuildConfiguration;
			buildSettings = {
				ALWAYS_SEARCH_USER_PATHS = NO;
				CLANG_ANALYZER_NONNULL = YES;
				CLANG_ANALYZER_NUMBER_OBJECT_CONVERSION = YES_AGGRESSIVE;
				CLANG_CXX_LANGUAGE_STANDARD = "gnu++14";
				CLANG_CXX_LIBRARY = "libc++";
				CLANG_ENABLE_MODULES = YES;
				CLANG_ENABLE_OBJC_ARC = YES;
				CLANG_ENABLE_OBJC_WEAK = YES;
				CLANG_WARN_BLOCK_CAPTURE_AUTORELEASING = YES;
				CLANG_WARN_BOOL_CONVERSION = YES;
				CLANG_WARN_COMMA = YES;
				CLANG_WARN_CONSTANT_CONVERSION = YES;
				CLANG_WARN_DEPRECATED_OBJC_IMPLEMENTATIONS = YES;
				CLANG_WARN_DIRECT_OBJC_ISA_USAGE = YES_ERROR;
				CLANG_WARN_DOCUMENTATION_COMMENTS = YES;
				CLANG_WARN_EMPTY_BODY = YES;
				CLANG_WARN_ENUM_CONVERSION = YES;
				CLANG_WARN_INFINITE_RECURSION = YES;
				CLANG_WARN_INT_CONVERSION = YES;
				CLANG_WARN_NON_LITERAL_NULL_CONVERSION = YES;
				CLANG_WARN_OBJC_IMPLICIT_RETAIN_SELF = YES;
				CLANG_WARN_OBJC_LITERAL_CONVERSION = YES;
				CLANG_WARN_OBJC_ROOT_CLASS = YES_ERROR;
				CLANG_WARN_QUOTED_INCLUDE_IN_FRAMEWORK_HEADER = YES;
				CLANG_WARN_RANGE_LOOP_ANALYSIS = YES;
				CLANG_WARN_STRICT_PROTOTYPES = YES;
				CLANG_WARN_SUSPICIOUS_MOVE = YES;
				CLANG_WARN_UNGUARDED_AVAILABILITY = YES_AGGRESSIVE;
				CLANG_WARN_UNREACHABLE_CODE = YES;
				CLANG_WARN__DUPLICATE_METHOD_MATCH = YES;
				COPY_PHASE_STRIP = NO;
				DEBUG_INFORMATION_FORMAT = dwarf;
				ENABLE_STRICT_OBJC_MSGSEND = YES;
				ENABLE_TESTABILITY = YES;
				GCC_C_LANGUAGE_STANDARD = gnu11;
				GCC_DYNAMIC_NO_PIC = NO;
				GCC_NO_COMMON_BLOCKS = YES;
				GCC_OPTIMIZATION_LEVEL = 0;
				GCC_PREPROCESSOR_DEFINITIONS = (
					"DEBUG=1",
					"$(inherited)",
				);
				GCC_WARN_64_TO_32_BIT_CONVERSION = YES;
				GCC_WARN_ABOUT_RETURN_TYPE = YES_ERROR;
				GCC_WARN_UNDECLARED_SELECTOR = YES;
				GCC_WARN_UNINITIALIZED_AUTOS = YES_AGGRESSIVE;
				GCC_WARN_UNUSED_FUNCTION = YES;
				GCC_WARN_UNUSED_VARIABLE = YES;
				IPHONEOS_DEPLOYMENT_TARGET = 14.5;
				MTL_ENABLE_DEBUG_INFO = INCLUDE_SOURCE;
				MTL_FAST_MATH = YES;
				ONLY_ACTIVE_ARCH = YES;
				SDKROOT = iphoneos;
				SWIFT_ACTIVE_COMPILATION_CONDITIONS = DEBUG;
				SWIFT_OPTIMIZATION_LEVEL = "-Onone";
			};
			name = Debug;
		};
		39B147862697DF9F0077FD1F /* Release */ = {
			isa = XCBuildConfiguration;
			buildSettings = {
				ALWAYS_SEARCH_USER_PATHS = NO;
				CLANG_ANALYZER_NONNULL = YES;
				CLANG_ANALYZER_NUMBER_OBJECT_CONVERSION = YES_AGGRESSIVE;
				CLANG_CXX_LANGUAGE_STANDARD = "gnu++14";
				CLANG_CXX_LIBRARY = "libc++";
				CLANG_ENABLE_MODULES = YES;
				CLANG_ENABLE_OBJC_ARC = YES;
				CLANG_ENABLE_OBJC_WEAK = YES;
				CLANG_WARN_BLOCK_CAPTURE_AUTORELEASING = YES;
				CLANG_WARN_BOOL_CONVERSION = YES;
				CLANG_WARN_COMMA = YES;
				CLANG_WARN_CONSTANT_CONVERSION = YES;
				CLANG_WARN_DEPRECATED_OBJC_IMPLEMENTATIONS = YES;
				CLANG_WARN_DIRECT_OBJC_ISA_USAGE = YES_ERROR;
				CLANG_WARN_DOCUMENTATION_COMMENTS = YES;
				CLANG_WARN_EMPTY_BODY = YES;
				CLANG_WARN_ENUM_CONVERSION = YES;
				CLANG_WARN_INFINITE_RECURSION = YES;
				CLANG_WARN_INT_CONVERSION = YES;
				CLANG_WARN_NON_LITERAL_NULL_CONVERSION = YES;
				CLANG_WARN_OBJC_IMPLICIT_RETAIN_SELF = YES;
				CLANG_WARN_OBJC_LITERAL_CONVERSION = YES;
				CLANG_WARN_OBJC_ROOT_CLASS = YES_ERROR;
				CLANG_WARN_QUOTED_INCLUDE_IN_FRAMEWORK_HEADER = YES;
				CLANG_WARN_RANGE_LOOP_ANALYSIS = YES;
				CLANG_WARN_STRICT_PROTOTYPES = YES;
				CLANG_WARN_SUSPICIOUS_MOVE = YES;
				CLANG_WARN_UNGUARDED_AVAILABILITY = YES_AGGRESSIVE;
				CLANG_WARN_UNREACHABLE_CODE = YES;
				CLANG_WARN__DUPLICATE_METHOD_MATCH = YES;
				COPY_PHASE_STRIP = NO;
				DEBUG_INFORMATION_FORMAT = "dwarf-with-dsym";
				ENABLE_NS_ASSERTIONS = NO;
				ENABLE_STRICT_OBJC_MSGSEND = YES;
				GCC_C_LANGUAGE_STANDARD = gnu11;
				GCC_NO_COMMON_BLOCKS = YES;
				GCC_WARN_64_TO_32_BIT_CONVERSION = YES;
				GCC_WARN_ABOUT_RETURN_TYPE = YES_ERROR;
				GCC_WARN_UNDECLARED_SELECTOR = YES;
				GCC_WARN_UNINITIALIZED_AUTOS = YES_AGGRESSIVE;
				GCC_WARN_UNUSED_FUNCTION = YES;
				GCC_WARN_UNUSED_VARIABLE = YES;
				IPHONEOS_DEPLOYMENT_TARGET = 14.5;
				MTL_ENABLE_DEBUG_INFO = NO;
				MTL_FAST_MATH = YES;
				SDKROOT = iphoneos;
				SWIFT_COMPILATION_MODE = wholemodule;
				SWIFT_OPTIMIZATION_LEVEL = "-O";
				VALIDATE_PRODUCT = YES;
			};
			name = Release;
		};
		39B147882697DF9F0077FD1F /* Debug */ = {
			isa = XCBuildConfiguration;
			buildSettings = {
				ASSETCATALOG_COMPILER_APPICON_NAME = AppIcon;
				ASSETCATALOG_COMPILER_GLOBAL_ACCENT_COLOR_NAME = AccentColor;
				CODE_SIGN_STYLE = Automatic;
				DEVELOPMENT_ASSET_PATHS = "\"taewoo_swift_game/Preview Content\"";
				DEVELOPMENT_TEAM = ADCRD9D3LZ;
				ENABLE_PREVIEWS = YES;
				INFOPLIST_FILE = taewoo_swift_game/Info.plist;
				IPHONEOS_DEPLOYMENT_TARGET = 14.0;
				LD_RUNPATH_SEARCH_PATHS = (
					"$(inherited)",
					"@executable_path/Frameworks",
				);
				PRODUCT_BUNDLE_IDENTIFIER = "com.mataewoos.taewoo-swift-game";
				PRODUCT_NAME = "Matching In..Jik";
				SWIFT_VERSION = 5.0;
				TARGETED_DEVICE_FAMILY = "1,2";
			};
			name = Debug;
		};
		39B147892697DF9F0077FD1F /* Release */ = {
			isa = XCBuildConfiguration;
			buildSettings = {
				ASSETCATALOG_COMPILER_APPICON_NAME = AppIcon;
				ASSETCATALOG_COMPILER_GLOBAL_ACCENT_COLOR_NAME = AccentColor;
				CODE_SIGN_STYLE = Automatic;
				DEVELOPMENT_ASSET_PATHS = "\"taewoo_swift_game/Preview Content\"";
				DEVELOPMENT_TEAM = ADCRD9D3LZ;
				ENABLE_PREVIEWS = YES;
				INFOPLIST_FILE = taewoo_swift_game/Info.plist;
				IPHONEOS_DEPLOYMENT_TARGET = 14.0;
				LD_RUNPATH_SEARCH_PATHS = (
					"$(inherited)",
					"@executable_path/Frameworks",
				);
				PRODUCT_BUNDLE_IDENTIFIER = "com.mataewoos.taewoo-swift-game";
				PRODUCT_NAME = "Matching In..Jik";
				SWIFT_VERSION = 5.0;
				TARGETED_DEVICE_FAMILY = "1,2";
			};
			name = Release;
		};
		39B1478B2697DF9F0077FD1F /* Debug */ = {
			isa = XCBuildConfiguration;
			buildSettings = {
				ALWAYS_EMBED_SWIFT_STANDARD_LIBRARIES = YES;
				BUNDLE_LOADER = "$(TEST_HOST)";
				CODE_SIGN_STYLE = Automatic;
				DEVELOPMENT_TEAM = ADCRD9D3LZ;
				INFOPLIST_FILE = taewoo_swift_gameTests/Info.plist;
				IPHONEOS_DEPLOYMENT_TARGET = 14.0;
				LD_RUNPATH_SEARCH_PATHS = (
					"$(inherited)",
					"@executable_path/Frameworks",
					"@loader_path/Frameworks",
				);
				PRODUCT_BUNDLE_IDENTIFIER = "com.mataewoos.taewoo-swift-gameTests";
				PRODUCT_NAME = "$(TARGET_NAME)";
				SWIFT_VERSION = 5.0;
				TARGETED_DEVICE_FAMILY = "1,2";
				TEST_HOST = "$(BUILT_PRODUCTS_DIR)/taewoo_swift_game.app/taewoo_swift_game";
			};
			name = Debug;
		};
		39B1478C2697DF9F0077FD1F /* Release */ = {
			isa = XCBuildConfiguration;
			buildSettings = {
				ALWAYS_EMBED_SWIFT_STANDARD_LIBRARIES = YES;
				BUNDLE_LOADER = "$(TEST_HOST)";
				CODE_SIGN_STYLE = Automatic;
				DEVELOPMENT_TEAM = ADCRD9D3LZ;
				INFOPLIST_FILE = taewoo_swift_gameTests/Info.plist;
				IPHONEOS_DEPLOYMENT_TARGET = 14.0;
				LD_RUNPATH_SEARCH_PATHS = (
					"$(inherited)",
					"@executable_path/Frameworks",
					"@loader_path/Frameworks",
				);
				PRODUCT_BUNDLE_IDENTIFIER = "com.mataewoos.taewoo-swift-gameTests";
				PRODUCT_NAME = "$(TARGET_NAME)";
				SWIFT_VERSION = 5.0;
				TARGETED_DEVICE_FAMILY = "1,2";
				TEST_HOST = "$(BUILT_PRODUCTS_DIR)/taewoo_swift_game.app/taewoo_swift_game";
			};
			name = Release;
		};
		39B1478E2697DF9F0077FD1F /* Debug */ = {
			isa = XCBuildConfiguration;
			buildSettings = {
				ALWAYS_EMBED_SWIFT_STANDARD_LIBRARIES = YES;
				CODE_SIGN_STYLE = Automatic;
				DEVELOPMENT_TEAM = ADCRD9D3LZ;
				INFOPLIST_FILE = taewoo_swift_gameUITests/Info.plist;
				LD_RUNPATH_SEARCH_PATHS = (
					"$(inherited)",
					"@executable_path/Frameworks",
					"@loader_path/Frameworks",
				);
				PRODUCT_BUNDLE_IDENTIFIER = "com.mataewoos.taewoo-swift-gameUITests";
				PRODUCT_NAME = "$(TARGET_NAME)";
				SWIFT_VERSION = 5.0;
				TARGETED_DEVICE_FAMILY = "1,2";
				TEST_TARGET_NAME = taewoo_swift_game;
			};
			name = Debug;
		};
		39B1478F2697DF9F0077FD1F /* Release */ = {
			isa = XCBuildConfiguration;
			buildSettings = {
				ALWAYS_EMBED_SWIFT_STANDARD_LIBRARIES = YES;
				CODE_SIGN_STYLE = Automatic;
				DEVELOPMENT_TEAM = ADCRD9D3LZ;
				INFOPLIST_FILE = taewoo_swift_gameUITests/Info.plist;
				LD_RUNPATH_SEARCH_PATHS = (
					"$(inherited)",
					"@executable_path/Frameworks",
					"@loader_path/Frameworks",
				);
				PRODUCT_BUNDLE_IDENTIFIER = "com.mataewoos.taewoo-swift-gameUITests";
				PRODUCT_NAME = "$(TARGET_NAME)";
				SWIFT_VERSION = 5.0;
				TARGETED_DEVICE_FAMILY = "1,2";
				TEST_TARGET_NAME = taewoo_swift_game;
			};
			name = Release;
		};
/* End XCBuildConfiguration section */

/* Begin XCConfigurationList section */
		39B1475D2697DF9D0077FD1F /* Build configuration list for PBXProject "taewoo_swift_game" */ = {
			isa = XCConfigurationList;
			buildConfigurations = (
				39B147852697DF9F0077FD1F /* Debug */,
				39B147862697DF9F0077FD1F /* Release */,
			);
			defaultConfigurationIsVisible = 0;
			defaultConfigurationName = Release;
		};
		39B147872697DF9F0077FD1F /* Build configuration list for PBXNativeTarget "taewoo_swift_game" */ = {
			isa = XCConfigurationList;
			buildConfigurations = (
				39B147882697DF9F0077FD1F /* Debug */,
				39B147892697DF9F0077FD1F /* Release */,
			);
			defaultConfigurationIsVisible = 0;
			defaultConfigurationName = Release;
		};
		39B1478A2697DF9F0077FD1F /* Build configuration list for PBXNativeTarget "taewoo_swift_gameTests" */ = {
			isa = XCConfigurationList;
			buildConfigurations = (
				39B1478B2697DF9F0077FD1F /* Debug */,
				39B1478C2697DF9F0077FD1F /* Release */,
			);
			defaultConfigurationIsVisible = 0;
			defaultConfigurationName = Release;
		};
		39B1478D2697DF9F0077FD1F /* Build configuration list for PBXNativeTarget "taewoo_swift_gameUITests" */ = {
			isa = XCConfigurationList;
			buildConfigurations = (
				39B1478E2697DF9F0077FD1F /* Debug */,
				39B1478F2697DF9F0077FD1F /* Release */,
			);
			defaultConfigurationIsVisible = 0;
			defaultConfigurationName = Release;
		};
/* End XCConfigurationList section */
	};
	rootObject = 39B1475A2697DF9D0077FD1F /* Project object */;
}
